Microsoft Visual Studio Solution File, Format Version 12.00
# Visual Studio 2012
Project("{FAE04EC0-301F-11D3-BF4B-00C04F79EFBC}") = "Order Of Battle", "Order Of Battle.csproj", "{3E2616A2-2D17-4C03-8E80-1C95A92E91E8}"
EndProject
Project("{FAE04EC0-301F-11D3-BF4B-00C04F79EFBC}") = "tests", "tests\tests.csproj", "{FFBFD0FF-1C68-477D-96BE-94554ECE26D6}"
EndProject
Global
	GlobalSection(SolutionConfigurationPlatforms) = preSolution
		Debug|Any CPU = Debug|Any CPU
		ExportDebug|Any CPU = ExportDebug|Any CPU
		ExportRelease|Any CPU = ExportRelease|Any CPU
	EndGlobalSection
	GlobalSection(ProjectConfigurationPlatforms) = postSolution
		{3E2616A2-2D17-4C03-8E80-1C95A92E91E8}.Debug|Any CPU.ActiveCfg = Debug|Any CPU
		{3E2616A2-2D17-4C03-8E80-1C95A92E91E8}.Debug|Any CPU.Build.0 = Debug|Any CPU
		{3E2616A2-2D17-4C03-8E80-1C95A92E91E8}.ExportDebug|Any CPU.ActiveCfg = ExportDebug|Any CPU
		{3E2616A2-2D17-4C03-8E80-1C95A92E91E8}.ExportDebug|Any CPU.Build.0 = ExportDebug|Any CPU
		{3E2616A2-2D17-4C03-8E80-1C95A92E91E8}.ExportRelease|Any CPU.ActiveCfg = ExportRelease|Any CPU
		{3E2616A2-2D17-4C03-8E80-1C95A92E91E8}.ExportRelease|Any CPU.Build.0 = ExportRelease|Any CPU
		{FFBFD0FF-1C68-477D-96BE-94554ECE26D6}.Debug|Any CPU.ActiveCfg = Debug|Any CPU
		{FFBFD0FF-1C68-477D-96BE-94554ECE26D6}.Debug|Any CPU.Build.0 = Debug|Any CPU
		{FFBFD0FF-1C68-477D-96BE-94554ECE26D6}.ExportDebug|Any CPU.ActiveCfg = Debug|Any CPU
		{FFBFD0FF-1C68-477D-96BE-94554ECE26D6}.ExportDebug|Any CPU.Build.0 = Debug|Any CPU
		{FFBFD0FF-1C68-477D-96BE-94554ECE26D6}.ExportRelease|Any CPU.ActiveCfg = Debug|Any CPU
		{FFBFD0FF-1C68-477D-96BE-94554ECE26D6}.ExportRelease|Any CPU.Build.0 = Debug|Any CPU
	EndGlobalSection
EndGlobal
